
Microsoft Visual Studio Solution File, Format Version 12.00
# Visual Studio Version 17
VisualStudioVersion = 17.5.33530.505
MinimumVisualStudioVersion = 10.0.40219.1
Project("{FAE04EC0-301F-11D3-BF4B-00C04F79EFBC}") = "TelegramBotWeather", "TelegramBotWeather.csproj", "{54D5DC45-32EA-4F3D-A82C-7281333B89E6}"
EndProject
Global
	GlobalSection(SolutionConfigurationPlatforms) = preSolution
		Debug|Any CPU = Debug|Any CPU
		Release|Any CPU = Release|Any CPU
	EndGlobalSection
	GlobalSection(ProjectConfigurationPlatforms) = postSolution
		{54D5DC45-32EA-4F3D-A82C-7281333B89E6}.Debug|Any CPU.ActiveCfg = Debug|Any CPU
		{54D5DC45-32EA-4F3D-A82C-7281333B89E6}.Debug|Any CPU.Build.0 = Debug|Any CPU
		{54D5DC45-32EA-4F3D-A82C-7281333B89E6}.Release|Any CPU.ActiveCfg = Release|Any CPU
		{54D5DC45-32EA-4F3D-A82C-7281333B89E6}.Release|Any CPU.Build.0 = Release|Any CPU
	EndGlobalSection
	GlobalSection(SolutionProperties) = preSolution
		HideSolutionNode = FALSE
	EndGlobalSection
	GlobalSection(ExtensibilityGlobals) = postSolution
		SolutionGuid = {3B5BD897-491C-4FF3-B280-0260E57F6E1C}
	EndGlobalSection
EndGlobal
